
Microsoft Visual Studio Solution File, Format Version 12.00
# Visual Studio 2013
VisualStudioVersion = 12.0.21005.1
MinimumVisualStudioVersion = 10.0.40219.1
Project("{FAE04EC0-301F-11D3-BF4B-00C04F79EFBC}") = "WebServiceIS2015", "WebServiceIS2015\WebServiceIS2015.csproj", "{DE06485D-CA69-455E-BDE5-E7B9CC7CBCAB}"
EndProject
Global
	GlobalSection(SolutionConfigurationPlatforms) = preSolution
		Debug|Any CPU = Debug|Any CPU
		Release|Any CPU = Release|Any CPU
	EndGlobalSection
	GlobalSection(ProjectConfigurationPlatforms) = postSolution
		{DE06485D-CA69-455E-BDE5-E7B9CC7CBCAB}.Debug|Any CPU.ActiveCfg = Debug|Any CPU
		{DE06485D-CA69-455E-BDE5-E7B9CC7CBCAB}.Debug|Any CPU.Build.0 = Debug|Any CPU
		{DE06485D-CA69-455E-BDE5-E7B9CC7CBCAB}.Release|Any CPU.ActiveCfg = Release|Any CPU
		{DE06485D-CA69-455E-BDE5-E7B9CC7CBCAB}.Release|Any CPU.Build.0 = Release|Any CPU
	EndGlobalSection
	GlobalSection(SolutionProperties) = preSolution
		HideSolutionNode = FALSE
	EndGlobalSection
EndGlobal
